version = 1
revision = 3
requires-python = ">=3.14"

[[package]]
name = "aiofiles"
version = "25.1.0"
source = { registry = "https://pypi.org/simple" }
sdist = { url = "https://files.pythonhosted.org/packages/41/c3/534eac40372d8ee36ef40df62ec129bee4fdb5ad9706e58a29be53b2c970/aiofiles-25.1.0.tar.gz", hash = "sha256:a8d728f0a29de45dc521f18f07297428d56992a742f0cd2701ba86e44d23d5b2", size = 46354, upload-time = "2025-10-09T20:51:04.358Z" }
wheels = [
    { url = "https://files.pythonhosted.org/packages/bc/8a/340a1555ae33d7354dbca4faa54948d76d89a27ceef032c8c3bc661d003e/aiofiles-25.1.0-py3-none-any.whl", hash = "sha256:abe311e527c862958650f9438e859c1fa7568a141b22abcd015e120e86a85695", size = 14668, upload-time = "2025-10-09T20:51:03.174Z" },
]

[[package]]
name = "anyio"
version = "4.13.0"
source = { registry = "https://pypi.org/simple" }
dependencies = [
    { name = "idna" },
]
sdist = { url = "https://files.pythonhosted.org/packages/19/14/2c5dd9f512b66549ae92767a9c7b330ae88e1932ca57876909410251fe13/anyio-4.13.0.tar.gz", hash = "sha256:334b70e641fd2221c1505b3890c69882fe4a2df910cba14d97019b90b24439dc", size = 231622, upload-time = "2026-03-24T12:59:09.671Z" }
wheels = [
    { url = "https://files.pythonhosted.org/packages/da/42/e921fccf5015463e32a3cf6ee7f980a6ed0f395ceeaa45060b61d86486c2/anyio-4.13.0-py3-none-any.whl", hash = "sha256:08b310f9e24a9594186fd75b4f73f4a4152069e3853f1ed8bfbf58369f4ad708", size = 114353, upload-time = "2026-03-24T12:59:08.246Z" },
]

[[package]]
name = "basedpyright"
version = "1.39.0"
source = { registry = "https://pypi.org/simple" }
dependencies = [
    { name = "nodejs-wheel-binaries" },
]
sdist = { url = "https://files.pythonhosted.org/packages/ac/f4/4a77cc1ffb3dab7391642cde30163961d8ee973e9e6b6740c7d15aa3d3ba/basedpyright-1.39.0.tar.gz", hash = "sha256:6666f51c378c7ac45877c4c1c7041ee0b5b83d755ebc82f898f47b6fafe0cc4f", size = 25357403, upload-time = "2026-04-01T12:27:41.92Z" }
wheels = [
    { url = "https://files.pythonhosted.org/packages/97/47/08145d1bcc3083ed20059bdecbde404bd767f91b91e2764ec01cffec9f4b/basedpyright-1.39.0-py3-none-any.whl", hash = "sha256:91b8ad50bc85ee4a985b928f9368c35c99eee5a56c44e99b2442fa12ecc3d670", size = 12353868, upload-time = "2026-04-01T12:27:38.495Z" },
]

[[package]]
name = "certifi"
version = "2026.2.25"
source = { registry = "https://pypi.org/simple" }
sdist = { url = "https://files.pythonhosted.org/packages/af/2d/7bf41579a8986e348fa033a31cdd0e4121114f6bce2457e8876010b092dd/certifi-2026.2.25.tar.gz", hash = "sha256:e887ab5cee78ea814d3472169153c2d12cd43b14bd03329a39a9c6e2e80bfba7", size = 155029, upload-time = "2026-02-25T02:54:17.342Z" }
wheels = [
    { url = "https://files.pythonhosted.org/packages/9a/3c/c17fb3ca2d9c3acff52e30b309f538586f9f5b9c9cf454f3845fc9af4881/certifi-2026.2.25-py3-none-any.whl", hash = "sha256:027692e4402ad994f1c42e52a4997a9763c646b73e4096e4d5d6db8af1d6f0fa", size = 153684, upload-time = "2026-02-25T02:54:15.766Z" },
]

[[package]]
name = "colorama"
version = "0.4.6"
source = { registry = "https://pypi.org/simple" }
sdist = { url = "https://files.pythonhosted.org/packages/d8/53/6f443c9a4a8358a93a6792e2acffb9d9d5cb0a5cfd8802644b7b1c9a02e4/colorama-0.4.6.tar.gz", hash = "sha256:08695f5cb7ed6e0531a20572697297273c47b8cae5a63ffc6d6ed5c201be6e44", size = 27697, upload-time = "2022-10-25T02:36:22.414Z" }
wheels = [
    { url = "https://files.pythonhosted.org/packages/d1/d6/3965ed04c63042e047cb6a3e6ed1a63a35087b6a609aa3a15ed8ac56c221/colorama-0.4.6-py2.py3-none-any.whl", hash = "sha256:4f1d9991f5acc0ca119f9d443620b77f9d6b33703e51011c16baf57afb285fc6", size = 25335, upload-time = "2022-10-25T02:36:20.889Z" },
]

[[package]]
name = "h11"
version = "0.16.0"
source = { registry = "https://pypi.org/simple" }
sdist = { url = "https://files.pythonhosted.org/packages/01/ee/02a2c011bdab74c6fb3c75474d40b3052059d95df7e73351460c8588d963/h11-0.16.0.tar.gz", hash = "sha256:4e35b956cf45792e4caa5885e69fba00bdbc6ffafbfa020300e549b208ee5ff1", size = 101250, upload-time = "2025-04-24T03:35:25.427Z" }
wheels = [
    { url = "https://files.pythonhosted.org/packages/04/4b/29cac41a4d98d144bf5f6d33995617b185d14b22401f75ca86f384e87ff1/h11-0.16.0-py3-none-any.whl", hash = "sha256:63cf8bbe7522de3bf65932fda1d9c2772064ffb3dae62d55932da54b31cb6c86", size = 37515, upload-time = "2025-04-24T03:35:24.344Z" },
]

[[package]]
name = "h2"
version = "4.3.0"
source = { registry = "https://pypi.org/simple" }
dependencies = [
    { name = "hpack" },
    { name = "hyperframe" },
]
sdist = { url = "https://files.pythonhosted.org/packages/1d/17/afa56379f94ad0fe8defd37d6eb3f89a25404ffc71d4d848893d270325fc/h2-4.3.0.tar.gz", hash = "sha256:6c59efe4323fa18b47a632221a1888bd7fde6249819beda254aeca909f221bf1", size = 2152026, upload-time = "2025-08-23T18:12:19.778Z" }
wheels = [
    { url = "https://files.pythonhosted.org/packages/69/b2/119f6e6dcbd96f9069ce9a2665e0146588dc9f88f29549711853645e736a/h2-4.3.0-py3-none-any.whl", hash = "sha256:c438f029a25f7945c69e0ccf0fb951dc3f73a5f6412981daee861431b70e2bdd", size = 61779, upload-time = "2025-08-23T18:12:17.779Z" },
]

[[package]]
name = "hpack"
version = "4.1.0"
source = { registry = "https://pypi.org/simple" }
sdist = { url = "https://files.pythonhosted.org/packages/2c/48/71de9ed269fdae9c8057e5a4c0aa7402e8bb16f2c6e90b3aa53327b113f8/hpack-4.1.0.tar.gz", hash = "sha256:ec5eca154f7056aa06f196a557655c5b009b382873ac8d1e66e79e87535f1dca", size = 51276, upload-time = "2025-01-22T21:44:58.347Z" }
wheels = [
    { url = "https://files.pythonhosted.org/packages/07/c6/80c95b1b2b94682a72cbdbfb85b81ae2daffa4291fbfa1b1464502ede10d/hpack-4.1.0-py3-none-any.whl", hash = "sha256:157ac792668d995c657d93111f46b4535ed114f0c9c8d672271bbec7eae1b496", size = 34357, upload-time = "2025-01-22T21:44:56.92Z" },
]

[[package]]
name = "httpcore"
version = "1.0.9"
source = { registry = "https://pypi.org/simple" }
dependencies = [
    { name = "certifi" },
    { name = "h11" },
]
sdist = { url = "https://files.pythonhosted.org/packages/06/94/82699a10bca87a5556c9c59b5963f2d039dbd239f25bc2a63907a05a14cb/httpcore-1.0.9.tar.gz", hash = "sha256:6e34463af53fd2ab5d807f399a9b45ea31c3dfa2276f15a2c3f00afff6e176e8", size = 85484, upload-time = "2025-04-24T22:06:22.219Z" }
wheels = [
    { url = "https://files.pythonhosted.org/packages/7e/f5/f66802a942d491edb555dd61e3a9961140fd64c90bce1eafd741609d334d/httpcore-1.0.9-py3-none-any.whl", hash = "sha256:2d400746a40668fc9dec9810239072b40b4484b640a8c38fd654a024c7a1bf55", size = 78784, upload-time = "2025-04-24T22:06:20.566Z" },
]

[[package]]
name = "httpx"
version = "0.28.1"
source = { registry = "https://pypi.org/simple" }
dependencies = [
    { name = "anyio" },
    { name = "certifi" },
    { name = "httpcore" },
    { name = "idna" },
]
sdist = { url = "https://files.pythonhosted.org/packages/b1/df/48c586a5fe32a0f01324ee087459e112ebb7224f646c0b5023f5e79e9956/httpx-0.28.1.tar.gz", hash = "sha256:75e98c5f16b0f35b567856f597f06ff2270a374470a5c2392242528e3e3e42fc", size = 141406, upload-time = "2024-12-06T15:37:23.222Z" }
wheels = [
    { url = "https://files.pythonhosted.org/packages/2a/39/e50c7c3a983047577ee07d2a9e53faf5a69493943ec3f6a384bdc792deb2/httpx-0.28.1-py3-none-any.whl", hash = "sha256:d909fcccc110f8c7faf814ca82a9a4d816bc5a6dbfea25d6591d6985b8ba59ad", size = 73517, upload-time = "2024-12-06T15:37:21.509Z" },
]

[package.optional-dependencies]
http2 = [
    { name = "h2" },
]

[[package]]
name = "hyperframe"
version = "6.1.0"
source = { registry = "https://pypi.org/simple" }
sdist = { url = "https://files.pythonhosted.org/packages/02/e7/94f8232d4a74cc99514c13a9f995811485a6903d48e5d952771ef6322e30/hyperframe-6.1.0.tar.gz", hash = "sha256:f630908a00854a7adeabd6382b43923a4c4cd4b821fcb527e6ab9e15382a3b08", size = 26566, upload-time = "2025-01-22T21:41:49.302Z" }
wheels = [
    { url = "https://files.pythonhosted.org/packages/48/30/47d0bf6072f7252e6521f3447ccfa40b421b6824517f82854703d0f5a98b/hyperframe-6.1.0-py3-none-any.whl", hash = "sha256:b03380493a519fce58ea5af42e4a42317bf9bd425596f7a0835ffce80f1a42e5", size = 13007, upload-time = "2025-01-22T21:41:47.295Z" },
]

[[package]]
name = "idna"
version = "3.11"
source = { registry = "https://pypi.org/simple" }
sdist = { url = "https://files.pythonhosted.org/packages/6f/6d/0703ccc57f3a7233505399edb88de3cbd678da106337b9fcde432b65ed60/idna-3.11.tar.gz", hash = "sha256:795dafcc9c04ed0c1fb032c2aa73654d8e8c5023a7df64a53f39190ada629902", size = 194582, upload-time = "2025-10-12T14:55:20.501Z" }
wheels = [
    { url = "https://files.pythonhosted.org/packages/0e/61/66938bbb5fc52dbdf84594873d5b51fb1f7c7794e9c0f5bd885f30bc507b/idna-3.11-py3-none-any.whl", hash = "sha256:771a87f49d9defaf64091e6e6fe9c18d4833f140bd19464795bc32d966ca37ea", size = 71008, upload-time = "2025-10-12T14:55:18.883Z" },
]

[[package]]
name = "importlib-metadata"
version = "8.7.1"
source = { registry = "https://pypi.org/simple" }
dependencies = [
    { name = "zipp" },
]
sdist = { url = "https://files.pythonhosted.org/packages/f3/49/3b30cad09e7771a4982d9975a8cbf64f00d4a1ececb53297f1d9a7be1b10/importlib_metadata-8.7.1.tar.gz", hash = "sha256:49fef1ae6440c182052f407c8d34a68f72efc36db9ca90dc0113398f2fdde8bb", size = 57107, upload-time = "2025-12-21T10:00:19.278Z" }
wheels = [
    { url = "https://files.pythonhosted.org/packages/fa/5e/f8e9a1d23b9c20a551a8a02ea3637b4642e22c2626e3a13a9a29cdea99eb/importlib_metadata-8.7.1-py3-none-any.whl", hash = "sha256:5a1f80bf1daa489495071efbb095d75a634cf28a8bc299581244063b53176151", size = 27865, upload-time = "2025-12-21T10:00:18.329Z" },
]

[[package]]
name = "iniconfig"
version = "2.3.0"
source = { registry = "https://pypi.org/simple" }
sdist = { url = "https://files.pythonhosted.org/packages/72/34/14ca021ce8e5dfedc35312d08ba8bf51fdd999c576889fc2c24cb97f4f10/iniconfig-2.3.0.tar.gz", hash = "sha256:c76315c77db068650d49c5b56314774a7804df16fee4402c1f19d6d15d8c4730", size = 20503, upload-time = "2025-10-18T21:55:43.219Z" }
wheels = [
    { url = "https://files.pythonhosted.org/packages/cb/b1/3846dd7f199d53cb17f49cba7e651e9ce294d8497c8c150530ed11865bb8/iniconfig-2.3.0-py3-none-any.whl", hash = "sha256:f631c04d2c48c52b84d0d0549c99ff3859c98df65b3101406327ecc7d53fbf12", size = 7484, upload-time = "2025-10-18T21:55:41.639Z" },
]

[[package]]
name = "knmi-dataset-downloader"
version = "1.12.0"
source = { editable = "." }
dependencies = [
    { name = "aiofiles" },
    { name = "httpx" },
    { name = "microsoft-kiota-abstractions" },
    { name = "microsoft-kiota-http" },
    { name = "microsoft-kiota-serialization-form" },
    { name = "microsoft-kiota-serialization-json" },
    { name = "microsoft-kiota-serialization-multipart" },
    { name = "microsoft-kiota-serialization-text" },
    { name = "tqdm" },
]

[package.dev-dependencies]
dev = [
    { name = "basedpyright" },
    { name = "pytest" },
    { name = "pytest-asyncio" },
    { name = "ruff" },
]

[package.metadata]
requires-dist = [
    { name = "aiofiles", specifier = "==25.1.0" },
    { name = "httpx", specifier = "==0.28.1" },
    { name = "microsoft-kiota-abstractions", specifier = "==1.9.10" },
    { name = "microsoft-kiota-http", specifier = "==1.9.10" },
    { name = "microsoft-kiota-serialization-form", specifier = "==1.9.10" },
    { name = "microsoft-kiota-serialization-json", specifier = "==1.9.10" },
    { name = "microsoft-kiota-serialization-multipart", specifier = "==1.9.10" },
    { name = "microsoft-kiota-serialization-text", specifier = "==1.9.10" },
    { name = "tqdm", specifier = "==4.67.3" },
]

[package.metadata.requires-dev]
dev = [
    { name = "basedpyright", specifier = ">=1.39.0" },
    { name = "pytest", specifier = ">=9.0.2" },
    { name = "pytest-asyncio", specifier = ">=1.3.0" },
    { name = "ruff", specifier = ">=0.15.9" },
]

[[package]]
name = "microsoft-kiota-abstractions"
version = "1.9.10"
source = { registry = "https://pypi.org/simple" }
dependencies = [
    { name = "opentelemetry-api" },
    { name = "opentelemetry-sdk" },
    { name = "std-uritemplate" },
]
sdist = { url = "https://files.pythonhosted.org/packages/45/e1/39de28380fc0eddf12f66099469fb7561bc38f577ea06e3a074751ebbcd9/microsoft_kiota_abstractions-1.9.10.tar.gz", hash = "sha256:8eb62d64c35ad0eeb4e8bcdbb143c0b308dc4a494e757f8e44cb959d34f44ecf", size = 24473, upload-time = "2026-03-12T17:27:15.398Z" }
wheels = [
    { url = "https://files.pythonhosted.org/packages/4d/59/bf0cb26c80fbd3fa882df8474ad87e9dbd742656c376388c427c4e314171/microsoft_kiota_abstractions-1.9.10-py3-none-any.whl", hash = "sha256:cd169067ebe48e6feea1258630807034239e0c61c2abe5fd66896a58177e8f05", size = 44462, upload-time = "2026-03-12T17:27:16.532Z" },
]

[[package]]
name = "microsoft-kiota-http"
version = "1.9.10"
source = { registry = "https://pypi.org/simple" }
dependencies = [
    { name = "httpx", extra = ["http2"] },
    { name = "microsoft-kiota-abstractions" },
    { name = "opentelemetry-api" },
    { name = "opentelemetry-sdk" },
]
sdist = { url = "https://files.pythonhosted.org/packages/a7/e5/20972b620bd8cca086c284e97b285d437c108a23fee122ad7b92bd246c1a/microsoft_kiota_http-1.9.10.tar.gz", hash = "sha256:af1838d091f76426c974897357093ed977ce66f1d808cb161c190de873bb5833", size = 21493, upload-time = "2026-03-12T17:27:35.393Z" }
wheels = [
    { url = "https://files.pythonhosted.org/packages/ce/f4/78ce18330a626138b2ff6bb62574adac01e8b9ee87c1349ddfeb9cab0556/microsoft_kiota_http-1.9.10-py3-none-any.whl", hash = "sha256:6127032c8d94f8607e4d36d0822b88bc8689ab368b4c00d6c7beb7d2d0f2ab10", size = 31960, upload-time = "2026-03-12T17:27:36.1Z" },
]

[[package]]
name = "microsoft-kiota-serialization-form"
version = "1.9.10"
source = { registry = "https://pypi.org/simple" }
dependencies = [
    { name = "microsoft-kiota-abstractions" },
]
sdist = { url = "https://files.pythonhosted.org/packages/56/90/7e1a090a2099acae1a1baa9a0762214b73b63d9268369b510994f75f54e4/microsoft_kiota_serialization_form-1.9.10.tar.gz", hash = "sha256:4c6655d8cd479d1ada63fdfe6a272e50d87d7c8369dbc8e13833ba4787fc798b", size = 9012, upload-time = "2026-03-12T17:27:44.214Z" }
wheels = [
    { url = "https://files.pythonhosted.org/packages/d9/4c/5092fc896b34c21e8b9c03c63006b313a81e2377176a69c97aa6a9c8f5bb/microsoft_kiota_serialization_form-1.9.10-py3-none-any.whl", hash = "sha256:765d3f6408668f58bfdf892c32b45967c579d9131f3ba5a6b6868cb7ab956bfe", size = 10728, upload-time = "2026-03-12T17:27:45.103Z" },
]

[[package]]
name = "microsoft-kiota-serialization-json"
version = "1.9.10"
source = { registry = "https://pypi.org/simple" }
dependencies = [
    { name = "microsoft-kiota-abstractions" },
]
sdist = { url = "https://files.pythonhosted.org/packages/67/0e/55afd533a764ba77da988b7ca4242c84867a3a25f2ff0bf4c2b24b5e8fca/microsoft_kiota_serialization_json-1.9.10.tar.gz", hash = "sha256:6063028f30dd67afa2db20a72d9bde5e5d26d468f8bdedadd1445cf7c7630e17", size = 9746, upload-time = "2026-03-12T17:27:53.015Z" }
wheels = [
    { url = "https://files.pythonhosted.org/packages/2f/56/d14c0185c8092abde1a60ad2bdd4480bb2ddb551ce71c6de1e6133a4d8d1/microsoft_kiota_serialization_json-1.9.10-py3-none-any.whl", hash = "sha256:0545ae910160b19caaa8c30c90c7416e1966294fbd6cc5af01f0e116a18f223a", size = 11452, upload-time = "2026-03-12T17:27:53.909Z" },
]

[[package]]
name = "microsoft-kiota-serialization-multipart"
version = "1.9.10"
source = { registry = "https://pypi.org/simple" }
dependencies = [
    { name = "microsoft-kiota-abstractions" },
]
sdist = { url = "https://files.pythonhosted.org/packages/24/34/eadc15c2a3131e2a76126f3112c32b73502cb5a335e2e40cac2877e5d843/microsoft_kiota_serialization_multipart-1.9.10.tar.gz", hash = "sha256:8f2da4f93e79b09f9738b6889685e47acfafcca870db94ab1d4cd233d69e4268", size = 5167, upload-time = "2026-03-12T17:28:18.507Z" }
wheels = [
    { url = "https://files.pythonhosted.org/packages/fa/40/345cbcee6c52b4261fedf4ae2ff8573aec47ce4ae2015ea8b57c75ef978b/microsoft_kiota_serialization_multipart-1.9.10-py3-none-any.whl", hash = "sha256:7cadc26483b567c738f926b044521569e0b797446053c9e8eab02269d4a81062", size = 6708, upload-time = "2026-03-12T17:28:19.397Z" },
]

[[package]]
name = "microsoft-kiota-serialization-text"
version = "1.9.10"
source = { registry = "https://pypi.org/simple" }
dependencies = [
    { name = "microsoft-kiota-abstractions" },
]
sdist = { url = "https://files.pythonhosted.org/packages/74/a6/28a4a8d5c01f08e363135fc9585cab3c02d1b1a69c3c16032e6abb35dfed/microsoft_kiota_serialization_text-1.9.10.tar.gz", hash = "sha256:cfc433c2a95ea3c3ec43c8b09002fbf65c998c5c0571205df161fe0e9d5d8de7", size = 7326, upload-time = "2026-03-12T17:28:01.621Z" }
wheels = [
    { url = "https://files.pythonhosted.org/packages/dd/bf/dd36e4a6d1cff3f2d30f03e2479cd38210e32d4715bb6a9f0e2737f13604/microsoft_kiota_serialization_text-1.9.10-py3-none-any.whl", hash = "sha256:742890cfd4450d12f58d42da7cfa474fe1ee5d6442e016bf70ab76e5c876c0ea", size = 8896, upload-time = "2026-03-12T17:28:02.328Z" },
]

[[package]]
name = "nodejs-wheel-binaries"
version = "24.14.1"
source = { registry = "https://pypi.org/simple" }
sdist = { url = "https://files.pythonhosted.org/packages/f1/87/e5755ad739daafce2e152ab609293d65e6c663b399e28a4bbcd0f4af1f45/nodejs_wheel_binaries-24.14.1.tar.gz", hash = "sha256:d00ae0c86d7e1bfa798e8f8ad282db751af157cdcaa1208a1b9a2cf2a85ac821", size = 8056, upload-time = "2026-03-31T14:07:27Z" }
wheels = [
    { url = "https://files.pythonhosted.org/packages/8b/b7/9765d9a5d3b95475829ef5965d4a4f6f4badb034ee4e18c2d5f8b9b65d6f/nodejs_wheel_binaries-24.14.1-py2.py3-none-macosx_13_0_arm64.whl", hash = "sha256:d9e856ba0f2d3d2659869e6e0f4cae6874faeeeca7f879131a88451356373ac4", size = 54945603, upload-time = "2026-03-31T14:06:58.526Z" },
    { url = "https://files.pythonhosted.org/packages/6f/15/bc2fa51ee31ce597b2af1905081e5a5add07fe0cf619bfa531d7df2f1f1b/nodejs_wheel_binaries-24.14.1-py2.py3-none-macosx_13_0_x86_64.whl", hash = "sha256:634f57829ebfdfe95d096f32a50c5cdd3a6c72a94dcf2b92a8bef9868cccb13e", size = 55119951, upload-time = "2026-03-31T14:07:02.597Z" },
    { url = "https://files.pythonhosted.org/packages/a6/dd/92ff0831262af4bbb5473d4e7964fd27afb0901a2690a6ff7bc3d220d97f/nodejs_wheel_binaries-24.14.1-py2.py3-none-manylinux_2_28_aarch64.whl", hash = "sha256:404b563467129e6a0ea7006a38b3d8af0ebfbc340b31a6a0af2c59ea3af90b7c", size = 59487620, upload-time = "2026-03-31T14:07:06.198Z" },
    { url = "https://files.pythonhosted.org/packages/45/36/bbbee3adf6afd00944e5a86ebd64987dea90bd347090155a4989dc3e8594/nodejs_wheel_binaries-24.14.1-py2.py3-none-manylinux_2_28_x86_64.whl", hash = "sha256:7863c62f8a3946b727831f71375a9ae00205b3258478476034b49c3a1d57ac12", size = 59986044, upload-time = "2026-03-31T14:07:09.846Z" },
    { url = "https://files.pythonhosted.org/packages/05/16/119e4168bf7ed17ad7961d122701c75ac86135fa243a958b960a3f1b7055/nodejs_wheel_binaries-24.14.1-py2.py3-none-musllinux_1_2_aarch64.whl", hash = "sha256:a3f64daa1235fa6a83c778ded98d5fe4e74979ca54aa2ffb807f0805c57c3abe", size = 61489823, upload-time = "2026-03-31T14:07:13.378Z" },
    { url = "https://files.pythonhosted.org/packages/8c/a6/d581996827b9d1133094dc347f1c4e3d2a70557973ce7a427a03337b1427/nodejs_wheel_binaries-24.14.1-py2.py3-none-musllinux_1_2_x86_64.whl", hash = "sha256:810a48ce096925ead0690f7d143e48fb902ebfc9212097e8f6cb3ac6cbe8f314", size = 62069740, upload-time = "2026-03-31T14:07:17.006Z" },
    { url = "https://files.pythonhosted.org/packages/27/da/396d1a48cbf3d5899461bda12fa97ae4010d7e4013e7f28230cb04af5818/nodejs_wheel_binaries-24.14.1-py2.py3-none-win_amd64.whl", hash = "sha256:7a087b6a727fb9242d1cc83c8b121711bd0e9686408d27de48b34b23dfb26ac5", size = 41400067, upload-time = "2026-03-31T14:07:20.513Z" },
    { url = "https://files.pythonhosted.org/packages/13/b7/adb21cf549934579e98934531e7f9b038d583fc9c2dd4b82ea01cc31bdd2/nodejs_wheel_binaries-24.14.1-py2.py3-none-win_arm64.whl", hash = "sha256:978fdfe76624c48111ab99ed0f99f9d4c1c682e420b0212ac9e1daee52f20283", size = 39096873, upload-time = "2026-03-31T14:07:23.977Z" },
]

[[package]]
name = "opentelemetry-api"
version = "1.40.0"
source = { registry = "https://pypi.org/simple" }
dependencies = [
    { name = "importlib-metadata" },
    { name = "typing-extensions" },
]
sdist = { url = "https://files.pythonhosted.org/packages/2c/1d/4049a9e8698361cc1a1aa03a6c59e4fa4c71e0c0f94a30f988a6876a2ae6/opentelemetry_api-1.40.0.tar.gz", hash = "sha256:159be641c0b04d11e9ecd576906462773eb97ae1b657730f0ecf64d32071569f", size = 70851, upload-time = "2026-03-04T14:17:21.555Z" }
wheels = [
    { url = "https://files.pythonhosted.org/packages/5f/bf/93795954016c522008da367da292adceed71cca6ee1717e1d64c83089099/opentelemetry_api-1.40.0-py3-none-any.whl", hash = "sha256:82dd69331ae74b06f6a874704be0cfaa49a1650e1537d4a813b86ecef7d0ecf9", size = 68676, upload-time = "2026-03-04T14:17:01.24Z" },
]

[[package]]
name = "opentelemetry-sdk"
version = "1.40.0"
source = { registry = "https://pypi.org/simple" }
dependencies = [
    { name = "opentelemetry-api" },
    { name = "opentelemetry-semantic-conventions" },
    { name = "typing-extensions" },
]
sdist = { url = "https://files.pythonhosted.org/packages/58/fd/3c3125b20ba18ce2155ba9ea74acb0ae5d25f8cd39cfd37455601b7955cc/opentelemetry_sdk-1.40.0.tar.gz", hash = "sha256:18e9f5ec20d859d268c7cb3c5198c8d105d073714db3de50b593b8c1345a48f2", size = 184252, upload-time = "2026-03-04T14:17:31.87Z" }
wheels = [
    { url = "https://files.pythonhosted.org/packages/2c/c5/6a852903d8bfac758c6dc6e9a68b015d3c33f2f1be5e9591e0f4b69c7e0a/opentelemetry_sdk-1.40.0-py3-none-any.whl", hash = "sha256:787d2154a71f4b3d81f20524a8ce061b7db667d24e46753f32a7bc48f1c1f3f1", size = 141951, upload-time = "2026-03-04T14:17:17.961Z" },
]

[[package]]
name = "opentelemetry-semantic-conventions"
version = "0.61b0"
source = { registry = "https://pypi.org/simple" }
dependencies = [
    { name = "opentelemetry-api" },
    { name = "typing-extensions" },
]
sdist = { url = "https://files.pythonhosted.org/packages/6d/c0/4ae7973f3c2cfd2b6e321f1675626f0dab0a97027cc7a297474c9c8f3d04/opentelemetry_semantic_conventions-0.61b0.tar.gz", hash = "sha256:072f65473c5d7c6dc0355b27d6c9d1a679d63b6d4b4b16a9773062cb7e31192a", size = 145755, upload-time = "2026-03-04T14:17:32.664Z" }
wheels = [
    { url = "https://files.pythonhosted.org/packages/b2/37/cc6a55e448deaa9b27377d087da8615a3416d8ad523d5960b78dbeadd02a/opentelemetry_semantic_conventions-0.61b0-py3-none-any.whl", hash = "sha256:fa530a96be229795f8cef353739b618148b0fe2b4b3f005e60e262926c4d38e2", size = 231621, upload-time = "2026-03-04T14:17:19.33Z" },
]

[[package]]
name = "packaging"
version = "26.0"
source = { registry = "https://pypi.org/simple" }
sdist = { url = "https://files.pythonhosted.org/packages/65/ee/299d360cdc32edc7d2cf530f3accf79c4fca01e96ffc950d8a52213bd8e4/packaging-26.0.tar.gz", hash = "sha256:00243ae351a257117b6a241061796684b084ed1c516a08c48a3f7e147a9d80b4", size = 143416, upload-time = "2026-01-21T20:50:39.064Z" }
wheels = [
    { url = "https://files.pythonhosted.org/packages/b7/b9/c538f279a4e237a006a2c98387d081e9eb060d203d8ed34467cc0f0b9b53/packaging-26.0-py3-none-any.whl", hash = "sha256:b36f1fef9334a5588b4166f8bcd26a14e521f2b55e6b9de3aaa80d3ff7a37529", size = 74366, upload-time = "2026-01-21T20:50:37.788Z" },
]

[[package]]
name = "pluggy"
version = "1.6.0"
source = { registry = "https://pypi.org/simple" }
sdist = { url = "https://files.pythonhosted.org/packages/f9/e2/3e91f31a7d2b083fe6ef3fa267035b518369d9511ffab804f839851d2779/pluggy-1.6.0.tar.gz", hash = "sha256:7dcc130b76258d33b90f61b658791dede3486c3e6bfb003ee5c9bfb396dd22f3", size = 69412, upload-time = "2025-05-15T12:30:07.975Z" }
wheels = [
    { url = "https://files.pythonhosted.org/packages/54/20/4d324d65cc6d9205fabedc306948156824eb9f0ee1633355a8f7ec5c66bf/pluggy-1.6.0-py3-none-any.whl", hash = "sha256:e920276dd6813095e9377c0bc5566d94c932c33b27a3e3945d8389c374dd4746", size = 20538, upload-time = "2025-05-15T12:30:06.134Z" },
]

[[package]]
name = "pygments"
version = "2.20.0"
source = { registry = "https://pypi.org/simple" }
sdist = { url = "https://files.pythonhosted.org/packages/c3/b2/bc9c9196916376152d655522fdcebac55e66de6603a76a02bca1b6414f6c/pygments-2.20.0.tar.gz", hash = "sha256:6757cd03768053ff99f3039c1a36d6c0aa0b263438fcab17520b30a303a82b5f", size = 4955991, upload-time = "2026-03-29T13:29:33.898Z" }
wheels = [
    { url = "https://files.pythonhosted.org/packages/f4/7e/a72dd26f3b0f4f2bf1dd8923c85f7ceb43172af56d63c7383eb62b332364/pygments-2.20.0-py3-none-any.whl", hash = "sha256:81a9e26dd42fd28a23a2d169d86d7ac03b46e2f8b59ed4698fb4785f946d0176", size = 1231151, upload-time = "2026-03-29T13:29:30.038Z" },
]

[[package]]
name = "pytest"
version = "9.0.2"
source = { registry = "https://pypi.org/simple" }
dependencies = [
    { name = "colorama", marker = "sys_platform == 'win32'" },
    { name = "iniconfig" },
    { name = "packaging" },
    { name = "pluggy" },
    { name = "pygments" },
]
sdist = { url = "https://files.pythonhosted.org/packages/d1/db/7ef3487e0fb0049ddb5ce41d3a49c235bf9ad299b6a25d5780a89f19230f/pytest-9.0.2.tar.gz", hash = "sha256:75186651a92bd89611d1d9fc20f0b4345fd827c41ccd5c299a868a05d70edf11", size = 1568901, upload-time = "2025-12-06T21:30:51.014Z" }
wheels = [
    { url = "https://files.pythonhosted.org/packages/3b/ab/b3226f0bd7cdcf710fbede2b3548584366da3b19b5021e74f5bde2a8fa3f/pytest-9.0.2-py3-none-any.whl", hash = "sha256:711ffd45bf766d5264d487b917733b453d917afd2b0ad65223959f59089f875b", size = 374801, upload-time = "2025-12-06T21:30:49.154Z" },
]

[[package]]
name = "pytest-asyncio"
version = "1.3.0"
source = { registry = "https://pypi.org/simple" }
dependencies = [
    { name = "pytest" },
]
sdist = { url = "https://files.pythonhosted.org/packages/90/2c/8af215c0f776415f3590cac4f9086ccefd6fd463befeae41cd4d3f193e5a/pytest_asyncio-1.3.0.tar.gz", hash = "sha256:d7f52f36d231b80ee124cd216ffb19369aa168fc10095013c6b014a34d3ee9e5", size = 50087, upload-time = "2025-11-10T16:07:47.256Z" }
wheels = [
    { url = "https://files.pythonhosted.org/packages/e5/35/f8b19922b6a25bc0880171a2f1a003eaeb93657475193ab516fd87cac9da/pytest_asyncio-1.3.0-py3-none-any.whl", hash = "sha256:611e26147c7f77640e6d0a92a38ed17c3e9848063698d5c93d5aa7aa11cebff5", size = 15075, upload-time = "2025-11-10T16:07:45.537Z" },
]

[[package]]
name = "ruff"
version = "0.15.9"
source = { registry = "https://pypi.org/simple" }
sdist = { url = "https://files.pythonhosted.org/packages/e6/97/e9f1ca355108ef7194e38c812ef40ba98c7208f47b13ad78d023caa583da/ruff-0.15.9.tar.gz", hash = "sha256:29cbb1255a9797903f6dde5ba0188c707907ff44a9006eb273b5a17bfa0739a2", size = 4617361, upload-time = "2026-04-02T18:17:20.829Z" }
wheels = [
    { url = "https://files.pythonhosted.org/packages/0b/1f/9cdfd0ac4b9d1e5a6cf09bedabdf0b56306ab5e333c85c87281273e7b041/ruff-0.15.9-py3-none-linux_armv6l.whl", hash = "sha256:6efbe303983441c51975c243e26dff328aca11f94b70992f35b093c2e71801e1", size = 10511206, upload-time = "2026-04-02T18:16:41.574Z" },
    { url = "https://files.pythonhosted.org/packages/3d/f6/32bfe3e9c136b35f02e489778d94384118bb80fd92c6d92e7ccd97db12ce/ruff-0.15.9-py3-none-macosx_10_12_x86_64.whl", hash = "sha256:4965bac6ac9ea86772f4e23587746f0b7a395eccabb823eb8bfacc3fa06069f7", size = 10923307, upload-time = "2026-04-02T18:17:08.645Z" },
    { url = "https://files.pythonhosted.org/packages/ca/25/de55f52ab5535d12e7aaba1de37a84be6179fb20bddcbe71ec091b4a3243/ruff-0.15.9-py3-none-macosx_11_0_arm64.whl", hash = "sha256:eaf05aad70ca5b5a0a4b0e080df3a6b699803916d88f006efd1f5b46302daab8", size = 10316722, upload-time = "2026-04-02T18:16:44.206Z" },
    { url = "https://files.pythonhosted.org/packages/48/11/690d75f3fd6278fe55fff7c9eb429c92d207e14b25d1cae4064a32677029/ruff-0.15.9-py3-none-manylinux_2_17_aarch64.manylinux2014_aarch64.whl", hash = "sha256:9439a342adb8725f32f92732e2bafb6d5246bd7a5021101166b223d312e8fc59", size = 10623674, upload-time = "2026-04-02T18:16:50.951Z" },
    { url = "https://files.pythonhosted.org/packages/bd/ec/176f6987be248fc5404199255522f57af1b4a5a1b57727e942479fec98ad/ruff-0.15.9-py3-none-manylinux_2_17_armv7l.manylinux2014_armv7l.whl", hash = "sha256:9c5e6faf9d97c8edc43877c3f406f47446fc48c40e1442d58cfcdaba2acea745", size = 10351516, upload-time = "2026-04-02T18:16:57.206Z" },
    { url = "https://files.pythonhosted.org/packages/b2/fc/51cffbd2b3f240accc380171d51446a32aa2ea43a40d4a45ada67368fbd2/ruff-0.15.9-py3-none-manylinux_2_17_i686.manylinux2014_i686.whl", hash = "sha256:7b34a9766aeec27a222373d0b055722900fbc0582b24f39661aa96f3fe6ad901", size = 11150202, upload-time = "2026-04-02T18:17:06.452Z" },
    { url = "https://files.pythonhosted.org/packages/d6/d4/25292a6dfc125f6b6528fe6af31f5e996e19bf73ca8e3ce6eb7fa5b95885/ruff-0.15.9-py3-none-manylinux_2_17_ppc64le.manylinux2014_ppc64le.whl", hash = "sha256:89dd695bc72ae76ff484ae54b7e8b0f6b50f49046e198355e44ea656e521fef9", size = 11988891, upload-time = "2026-04-02T18:17:18.575Z" },
    { url = "https://files.pythonhosted.org/packages/13/e1/1eebcb885c10e19f969dcb93d8413dfee8172578709d7ee933640f5e7147/ruff-0.15.9-py3-none-manylinux_2_17_s390x.manylinux2014_s390x.whl", hash = "sha256:ce187224ef1de1bd225bc9a152ac7102a6171107f026e81f317e4257052916d5", size = 11480576, upload-time = "2026-04-02T18:16:52.986Z" },
    { url = "https://files.pythonhosted.org/packages/ff/6b/a1548ac378a78332a4c3dcf4a134c2475a36d2a22ddfa272acd574140b50/ruff-0.15.9-py3-none-manylinux_2_17_x86_64.manylinux2014_x86_64.whl", hash = "sha256:2b0c7c341f68adb01c488c3b7d4b49aa8ea97409eae6462d860a79cf55f431b6", size = 11254525, upload-time = "2026-04-02T18:17:02.041Z" },
    { url = "https://files.pythonhosted.org/packages/42/aa/4bb3af8e61acd9b1281db2ab77e8b2c3c5e5599bf2a29d4a942f1c62b8d6/ruff-0.15.9-py3-none-manylinux_2_31_riscv64.whl", hash = "sha256:55cc15eee27dc0eebdfcb0d185a6153420efbedc15eb1d38fe5e685657b0f840", size = 11204072, upload-time = "2026-04-02T18:17:13.581Z" },
    { url = "https://files.pythonhosted.org/packages/69/48/d550dc2aa6e423ea0bcc1d0ff0699325ffe8a811e2dba156bd80750b86dc/ruff-0.15.9-py3-none-musllinux_1_2_aarch64.whl", hash = "sha256:a6537f6eed5cda688c81073d46ffdfb962a5f29ecb6f7e770b2dc920598997ed", size = 10594998, upload-time = "2026-04-02T18:16:46.369Z" },
    { url = "https://files.pythonhosted.org/packages/63/47/321167e17f5344ed5ec6b0aa2cff64efef5f9e985af8f5622cfa6536043f/ruff-0.15.9-py3-none-musllinux_1_2_armv7l.whl", hash = "sha256:6d3fcbca7388b066139c523bda744c822258ebdcfbba7d24410c3f454cc9af71", size = 10359769, upload-time = "2026-04-02T18:17:10.994Z" },
    { url = "https://files.pythonhosted.org/packages/67/5e/074f00b9785d1d2c6f8c22a21e023d0c2c1817838cfca4c8243200a1fa87/ruff-0.15.9-py3-none-musllinux_1_2_i686.whl", hash = "sha256:058d8e99e1bfe79d8a0def0b481c56059ee6716214f7e425d8e737e412d69677", size = 10850236, upload-time = "2026-04-02T18:16:48.749Z" },
    { url = "https://files.pythonhosted.org/packages/76/37/804c4135a2a2caf042925d30d5f68181bdbd4461fd0d7739da28305df593/ruff-0.15.9-py3-none-musllinux_1_2_x86_64.whl", hash = "sha256:8e1ddb11dbd61d5983fa2d7d6370ef3eb210951e443cace19594c01c72abab4c", size = 11358343, upload-time = "2026-04-02T18:16:55.068Z" },
    { url = "https://files.pythonhosted.org/packages/88/3d/1364fcde8656962782aa9ea93c92d98682b1ecec2f184e625a965ad3b4a6/ruff-0.15.9-py3-none-win32.whl", hash = "sha256:bde6ff36eaf72b700f32b7196088970bf8fdb2b917b7accd8c371bfc0fd573ec", size = 10583382, upload-time = "2026-04-02T18:17:04.261Z" },
    { url = "https://files.pythonhosted.org/packages/4c/56/5c7084299bd2cacaa07ae63a91c6f4ba66edc08bf28f356b24f6b717c799/ruff-0.15.9-py3-none-win_amd64.whl", hash = "sha256:45a70921b80e1c10cf0b734ef09421f71b5aa11d27404edc89d7e8a69505e43d", size = 11744969, upload-time = "2026-04-02T18:16:59.611Z" },
    { url = "https://files.pythonhosted.org/packages/03/36/76704c4f312257d6dbaae3c959add2a622f63fcca9d864659ce6d8d97d3d/ruff-0.15.9-py3-none-win_arm64.whl", hash = "sha256:0694e601c028fd97dc5c6ee244675bc241aeefced7ef80cd9c6935a871078f53", size = 11005870, upload-time = "2026-04-02T18:17:15.773Z" },
]

[[package]]
name = "std-uritemplate"
version = "2.0.8"
source = { registry = "https://pypi.org/simple" }
sdist = { url = "https://files.pythonhosted.org/packages/93/62/61866776cd32df3f984ff2f79b1428e10700e0a33ca7a7536e3fcba3cf2a/std_uritemplate-2.0.8.tar.gz", hash = "sha256:138ceff2c5bfef18a650372a5e8c82fe7f780c87235513de6c342fb5f7e18347", size = 6018, upload-time = "2025-10-16T15:51:29.774Z" }
wheels = [
    { url = "https://files.pythonhosted.org/packages/64/97/b4f2f442fee92a1406f08b4fbc990bd7d02dc84b3b5e6315a59fa9b2a9f4/std_uritemplate-2.0.8-py3-none-any.whl", hash = "sha256:839807a7f9d07f0bad1a88977c3428bd97b9ff0d229412a0bf36123d8c724257", size = 6512, upload-time = "2025-10-16T15:51:28.713Z" },
]

[[package]]
name = "tqdm"
version = "4.67.3"
source = { registry = "https://pypi.org/simple" }
dependencies = [
    { name = "colorama", marker = "sys_platform == 'win32'" },
]
sdist = { url = "https://files.pythonhosted.org/packages/09/a9/6ba95a270c6f1fbcd8dac228323f2777d886cb206987444e4bce66338dd4/tqdm-4.67.3.tar.gz", hash = "sha256:7d825f03f89244ef73f1d4ce193cb1774a8179fd96f31d7e1dcde62092b960bb", size = 169598, upload-time = "2026-02-03T17:35:53.048Z" }
wheels = [
    { url = "https://files.pythonhosted.org/packages/16/e1/3079a9ff9b8e11b846c6ac5c8b5bfb7ff225eee721825310c91b3b50304f/tqdm-4.67.3-py3-none-any.whl", hash = "sha256:ee1e4c0e59148062281c49d80b25b67771a127c85fc9676d3be5f243206826bf", size = 78374, upload-time = "2026-02-03T17:35:50.982Z" },
]

[[package]]
name = "typing-extensions"
version = "4.15.0"
source = { registry = "https://pypi.org/simple" }
sdist = { url = "https://files.pythonhosted.org/packages/72/94/1a15dd82efb362ac84269196e94cf00f187f7ed21c242792a923cdb1c61f/typing_extensions-4.15.0.tar.gz", hash = "sha256:0cea48d173cc12fa28ecabc3b837ea3cf6f38c6d1136f85cbaaf598984861466", size = 109391, upload-time = "2025-08-25T13:49:26.313Z" }
wheels = [
    { url = "https://files.pythonhosted.org/packages/18/67/36e9267722cc04a6b9f15c7f3441c2363321a3ea07da7ae0c0707beb2a9c/typing_extensions-4.15.0-py3-none-any.whl", hash = "sha256:f0fa19c6845758ab08074a0cfa8b7aecb71c999ca73d62883bc25cc018c4e548", size = 44614, upload-time = "2025-08-25T13:49:24.86Z" },
]

[[package]]
name = "zipp"
version = "3.23.0"
source = { registry = "https://pypi.org/simple" }
sdist = { url = "https://files.pythonhosted.org/packages/e3/02/0f2892c661036d50ede074e376733dca2ae7c6eb617489437771209d4180/zipp-3.23.0.tar.gz", hash = "sha256:a07157588a12518c9d4034df3fbbee09c814741a33ff63c05fa29d26a2404166", size = 25547, upload-time = "2025-06-08T17:06:39.4Z" }
wheels = [
    { url = "https://files.pythonhosted.org/packages/2e/54/647ade08bf0db230bfea292f893923872fd20be6ac6f53b2b936ba839d75/zipp-3.23.0-py3-none-any.whl", hash = "sha256:071652d6115ed432f5ce1d34c336c0adfd6a884660d1e9712a256d3d3bd4b14e", size = 10276, upload-time = "2025-06-08T17:06:38.034Z" },
]
